
Microsoft Visual Studio Solution File, Format Version 12.00
# Visual Studio Version 17
VisualStudioVersion = 17.4.33110.190
MinimumVisualStudioVersion = 10.0.40219.1
Project("{9A19103F-16F7-4668-BE54-9A1E7A4F7556}") = "GenealogyTree.API", "GenealogyTree.API\GenealogyTree.API.csproj", "{24092F6D-2926-49DD-914C-7244B63F0E00}"
EndProject
Project("{9A19103F-16F7-4668-BE54-9A1E7A4F7556}") = "GenealogyTree.Data", "GenealogyTree.Data\GenealogyTree.Data.csproj", "{F775799E-6A87-4416-A882-558AF787E616}"
EndProject
Project("{9A19103F-16F7-4668-BE54-9A1E7A4F7556}") = "GenealogyTree.Domain", "GenealogyTree.Domain\GenealogyTree.Domain.csproj", "{F6E6E693-A5E6-4F9D-BBEC-ABC04AF7AF17}"
EndProject
Project("{9A19103F-16F7-4668-BE54-9A1E7A4F7556}") = "GenealogyTree.Business", "GenealogyTree.Business\GenealogyTree.Business.csproj", "{155EB218-3255-4850-8746-983C15407C84}"
EndProject
Global
	GlobalSection(SolutionConfigurationPlatforms) = preSolution
		Debug|Any CPU = Debug|Any CPU
		Release|Any CPU = Release|Any CPU
	EndGlobalSection
	GlobalSection(ProjectConfigurationPlatforms) = postSolution
		{24092F6D-2926-49DD-914C-7244B63F0E00}.Debug|Any CPU.ActiveCfg = Debug|Any CPU
		{24092F6D-2926-49DD-914C-7244B63F0E00}.Debug|Any CPU.Build.0 = Debug|Any CPU
		{24092F6D-2926-49DD-914C-7244B63F0E00}.Release|Any CPU.ActiveCfg = Release|Any CPU
		{24092F6D-2926-49DD-914C-7244B63F0E00}.Release|Any CPU.Build.0 = Release|Any CPU
		{F775799E-6A87-4416-A882-558AF787E616}.Debug|Any CPU.ActiveCfg = Debug|Any CPU
		{F775799E-6A87-4416-A882-558AF787E616}.Debug|Any CPU.Build.0 = Debug|Any CPU
		{F775799E-6A87-4416-A882-558AF787E616}.Release|Any CPU.ActiveCfg = Release|Any CPU
		{F775799E-6A87-4416-A882-558AF787E616}.Release|Any CPU.Build.0 = Release|Any CPU
		{F6E6E693-A5E6-4F9D-BBEC-ABC04AF7AF17}.Debug|Any CPU.ActiveCfg = Debug|Any CPU
		{F6E6E693-A5E6-4F9D-BBEC-ABC04AF7AF17}.Debug|Any CPU.Build.0 = Debug|Any CPU
		{F6E6E693-A5E6-4F9D-BBEC-ABC04AF7AF17}.Release|Any CPU.ActiveCfg = Release|Any CPU
		{F6E6E693-A5E6-4F9D-BBEC-ABC04AF7AF17}.Release|Any CPU.Build.0 = Release|Any CPU
		{155EB218-3255-4850-8746-983C15407C84}.Debug|Any CPU.ActiveCfg = Debug|Any CPU
		{155EB218-3255-4850-8746-983C15407C84}.Debug|Any CPU.Build.0 = Debug|Any CPU
		{155EB218-3255-4850-8746-983C15407C84}.Release|Any CPU.ActiveCfg = Release|Any CPU
		{155EB218-3255-4850-8746-983C15407C84}.Release|Any CPU.Build.0 = Release|Any CPU
	EndGlobalSection
	GlobalSection(SolutionProperties) = preSolution
		HideSolutionNode = FALSE
	EndGlobalSection
	GlobalSection(ExtensibilityGlobals) = postSolution
		SolutionGuid = {03BBA3E3-5C56-49D6-9E11-9C26DA663352}
	EndGlobalSection
EndGlobal
